// !$*UTF8*$!
{
	archiveVersion = 1;
	classes = {
	};
	objectVersion = 46;
	objects = {

/* Begin PBXBuildFile section */
		ECEAB4E91E2FCAC600896EBB /* AppDelegate.swift in Sources */ = {isa = PBXBuildFile; fileRef = ECEAB4E81E2FCAC600896EBB /* AppDelegate.swift */; };
		ECEAB4EB1E2FCAC600896EBB /* ViewController.swift in Sources */ = {isa = PBXBuildFile; fileRef = ECEAB4EA1E2FCAC600896EBB /* ViewController.swift */; };
		ECEAB4EE1E2FCAC600896EBB /* Main.storyboard in Resources */ = {isa = PBXBuildFile; fileRef = ECEAB4EC1E2FCAC600896EBB /* Main.storyboard */; };
		ECEAB4F01E2FCAC600896EBB /* Assets.xcassets in Resources */ = {isa = PBXBuildFile; fileRef = ECEAB4EF1E2FCAC600896EBB /* Assets.xcassets */; };
		ECEAB4F31E2FCAC600896EBB /* LaunchScreen.storyboard in Resources */ = {isa = PBXBuildFile; fileRef = ECEAB4F11E2FCAC600896EBB /* LaunchScreen.storyboard */; };
/* End PBXBuildFile section */

/* Begin PBXFileReference section */
		ECEAB4E51E2FCAC600896EBB /* test.app */ = {isa = PBXFileReference; explicitFileType = wrapper.application; includeInIndex = 0; path = test.app; sourceTree = BUILT_PRODUCTS_DIR; };
		ECEAB4E81E2FCAC600896EBB /* AppDelegate.swift */ = {isa = PBXFileReference; lastKnownFileType = sourcecode.swift; path = AppDelegate.swift; sourceTree = "<group>"; };
		ECEAB4EA1E2FCAC600896EBB /* ViewController.swift */ = {isa = PBXFileReference; lastKnownFileType = sourcecode.swift; path = ViewController.swift; sourceTree = "<group>"; };
		ECEAB4ED1E2FCAC600896EBB /* Base */ = {isa = PBXFileReference; lastKnownFileType = file.storyboard; name = Base; path = Base.lproj/Main.storyboard; sourceTree = "<group>"; };
		ECEAB4EF1E2FCAC600896EBB /* Assets.xcassets */ = {isa = PBXFileReference; lastKnownFileType = folder.assetcatalog; path = Assets.xcassets; sourceTree = "<group>"; };
		ECEAB4F21E2FCAC600896EBB /* Base */ = {isa = PBXFileReference; lastKnownFileType = file.storyboard; name = Base; path = Base.lproj/LaunchScreen.storyboard; sourceTree = "<group>"; };
		ECEAB4F41E2FCAC600896EBB /* Info.plist */ = {isa = PBXFileReference; lastKnownFileType = text.plist.xml; path = Info.plist; sourceTree = "<group>"; };
/* End PBXFileReference section */

/* Begin PBXFrameworksBuildPhase section */
		ECEAB4E21E2FCAC600896EBB /* Frameworks */ = {
			isa = PBXFrameworksBuildPhase;
			buildActionMask = 2147483647;
			files = (
			);
			runOnlyForDeploymentPostprocessing = 0;
		};
/* End PBXFrameworksBuildPhase section */

/* Begin PBXGroup section */
		ECEAB4DC1E2FCAC600896EBB = {
			isa = PBXGroup;
			children = (
				ECEAB4E71E2FCAC600896EBB /* test */,
				ECEAB4E61E2FCAC600896EBB /* Products */,
			);
			sourceTree = "<group>";
		};
		ECEAB4E61E2FCAC600896EBB /* Products */ = {
			isa = PBXGroup;
			children = (
				ECEAB4E51E2FCAC600896EBB /* test.app */,
			);
			name = Products;
			sourceTree = "<group>";
		};
		ECEAB4E71E2FCAC600896EBB /* test */ = {
			isa = PBXGroup;
			children = (
				ECEAB4E81E2FCAC600896EBB /* AppDelegate.swift */,
				ECEAB4EA1E2FCAC600896EBB /* ViewController.swift */,
				ECEAB4EC1E2FCAC600896EBB /* Main.storyboard */,
				ECEAB4EF1E2FCAC600896EBB /* Assets.xcassets */,
				ECEAB4F11E2FCAC600896EBB /* LaunchScreen.storyboard */,
				ECEAB4F41E2FCAC600896EBB /* Info.plist */,
			);
			path = test;
			sourceTree = "<group>";
		};
/* End PBXGroup section */

/* Begin PBXNativeTarget section */
		ECEAB4E41E2FCAC600896EBB /* test */ = {
			isa = PBXNativeTarget;
			buildConfigurationList = ECEAB4F71E2FCAC600896EBB /* Build configuration list for PBXNativeTarget "test" */;
			buildPhases = (
				ECEAB4E11E2FCAC600896EBB /* Sources */,
				ECEAB4E21E2FCAC600896EBB /* Frameworks */,
				ECEAB4E31E2FCAC600896EBB /* Resources */,
			);
			buildRules = (
			);
			dependencies = (
			);
			name = test;
			productName = test;
			productReference = ECEAB4E51E2FCAC600896EBB /* test.app */;
			productType = "com.apple.product-type.application";
		};
/* End PBXNativeTarget section */

/* Begin PBXProject section */
		ECEAB4DD1E2FCAC600896EBB /* Project object */ = {
			isa = PBXProject;
			attributes = {
				LastSwiftUpdateCheck = 0800;
				LastUpgradeCheck = 0800;
				ORGANIZATIONNAME = beiningbogen.no;
				TargetAttributes = {
					ECEAB4E41E2FCAC600896EBB = {
						CreatedOnToolsVersion = 8.0;
						DevelopmentTeam = 5PKTA338CL;
						ProvisioningStyle = Automatic;
					};
				};
			};
			buildConfigurationList = ECEAB4E01E2FCAC600896EBB /* Build configuration list for PBXProject "test" */;
			compatibilityVersion = "Xcode 3.2";
			developmentRegion = English;
			hasScannedForEncodings = 0;
			knownRegions = (
				en,
				Base,
			);
			mainGroup = ECEAB4DC1E2FCAC600896EBB;
			productRefGroup = ECEAB4E61E2FCAC600896EBB /* Products */;
			projectDirPath = "";
			projectRoot = "";
			targets = (
				ECEAB4E41E2FCAC600896EBB /* test */,
			);
		};
/* End PBXProject section */

/* Begin PBXResourcesBuildPhase section */
		ECEAB4E31E2FCAC600896EBB /* Resources */ = {
			isa = PBXResourcesBuildPhase;
			buildActionMask = 2147483647;
			files = (
				ECEAB4F31E2FCAC600896EBB /* LaunchScreen.storyboard in Resources */,
				ECEAB4F01E2FCAC600896EBB /* Assets.xcassets in Resources */,
				ECEAB4EE1E2FCAC600896EBB /* Main.storyboard in Resources */,
			);
			runOnlyForDeploymentPostprocessing = 0;
		};
/* End PBXResourcesBuildPhase section */

/* Begin PBXSourcesBuildPhase section */
		ECEAB4E11E2FCAC600896EBB /* Sources */ = {
			isa = PBXSourcesBuildPhase;
			buildActionMask = 2147483647;
			files = (
				ECEAB4EB1E2FCAC600896EBB /* ViewController.swift in Sources */,
				ECEAB4E91E2FCAC600896EBB /* AppDelegate.swift in Sources */,
			);
			runOnlyForDeploymentPostprocessing = 0;
		};
/* End PBXSourcesBuildPhase section */

/* Begin PBXVariantGroup section */
		ECEAB4EC1E2FCAC600896EBB /* Main.storyboard */ = {
			isa = PBXVariantGroup;
			children = (
				ECEAB4ED1E2FCAC600896EBB /* Base */,
			);
			name = Main.storyboard;
			sourceTree = "<group>";
		};
		ECEAB4F11E2FCAC600896EBB /* LaunchScreen.storyboard */ = {
			isa = PBXVariantGroup;
			children = (
				ECEAB4F21E2FCAC600896EBB /* Base */,
			);
			name = LaunchScreen.storyboard;
			sourceTree = "<group>";
		};
/* End PBXVariantGroup section */

/* Begin XCBuildConfiguration section */
		ECEAB4F51E2FCAC600896EBB /* Debug */ = {
			isa = XCBuildConfiguration;
			buildSettings = {
				ALWAYS_SEARCH_USER_PATHS = NO;
				CLANG_ANALYZER_NONNULL = YES;
				CLANG_CXX_LANGUAGE_STANDARD = "gnu++0x";
				CLANG_CXX_LIBRARY = "libc++";
				CLANG_ENABLE_MODULES = YES;
				CLANG_ENABLE_OBJC_ARC = YES;
				CLANG_WARN_BOOL_CONVERSION = YES;
				CLANG_WARN_CONSTANT_CONVERSION = YES;
				CLANG_WARN_DIRECT_OBJC_ISA_USAGE = YES_ERROR;
				CLANG_WARN_DOCUMENTATION_COMMENTS = YES;
				CLANG_WARN_EMPTY_BODY = YES;
				CLANG_WARN_ENUM_CONVERSION = YES;
				CLANG_WARN_INFINITE_RECURSION = YES;
				CLANG_WARN_INT_CONVERSION = YES;
				CLANG_WARN_OBJC_ROOT_CLASS = YES_ERROR;
				CLANG_WARN_SUSPICIOUS_MOVES = YES;
				CLANG_WARN_UNREACHABLE_CODE = YES;
				CLANG_WARN__DUPLICATE_METHOD_MATCH = YES;
				"CODE_SIGN_IDENTITY[sdk=iphoneos*]" = "iPhone Developer";
				COPY_PHASE_STRIP = NO;
				DEBUG_INFORMATION_FORMAT = dwarf;
				ENABLE_STRICT_OBJC_MSGSEND = YES;
				ENABLE_TESTABILITY = YES;
				GCC_C_LANGUAGE_STANDARD = gnu99;
				GCC_DYNAMIC_NO_PIC = NO;
				GCC_NO_COMMON_BLOCKS = YES;
				GCC_OPTIMIZATION_LEVEL = 0;
				GCC_PREPROCESSOR_DEFINITIONS = (
					"DEBUG=1",
					"$(inherited)",
				);
				GCC_WARN_64_TO_32_BIT_CONVERSION = YES;
				GCC_WARN_ABOUT_RETURN_TYPE = YES_ERROR;
				GCC_WARN_UNDECLARED_SELECTOR = YES;
				GCC_WARN_UNINITIALIZED_AUTOS = YES_AGGRESSIVE;
				GCC_WARN_UNUSED_FUNCTION = YES;
				GCC_WARN_UNUSED_VARIABLE = YES;
				IPHONEOS_DEPLOYMENT_TARGET = 10.0;
				MTL_ENABLE_DEBUG_INFO = YES;
				ONLY_ACTIVE_ARCH = YES;
				SDKROOT = iphoneos;
				SWIFT_ACTIVE_COMPILATION_CONDITIONS = DEBUG;
				SWIFT_OPTIMIZATION_LEVEL = "-Onone";
			};
			name = Debug;
		};
		ECEAB4F61E2FCAC600896EBB /* Release */ = {
			isa = XCBuildConfiguration;
			buildSettings = {
				ALWAYS_SEARCH_USER_PATHS = NO;
				CLANG_ANALYZER_NONNULL = YES;
				CLANG_CXX_LANGUAGE_STANDARD = "gnu++0x";
				CLANG_CXX_LIBRARY = "libc++";
				CLANG_ENABLE_MODULES = YES;
				CLANG_ENABLE_OBJC_ARC = YES;
				CLANG_WARN_BOOL_CONVERSION = YES;
				CLANG_WARN_CONSTANT_CONVERSION = YES;
				CLANG_WARN_DIRECT_OBJC_ISA_USAGE = YES_ERROR;
				CLANG_WARN_DOCUMENTATION_COMMENTS = YES;
				CLANG_WARN_EMPTY_BODY = YES;
				CLANG_WARN_ENUM_CONVERSION = YES;
				CLANG_WARN_INFINITE_RECURSION = YES;
				CLANG_WARN_INT_CONVERSION = YES;
				CLANG_WARN_OBJC_ROOT_CLASS = YES_ERROR;
				CLANG_WARN_SUSPICIOUS_MOVES = YES;
				CLANG_WARN_UNREACHABLE_CODE = YES;
				CLANG_WARN__DUPLICATE_METHOD_MATCH = YES;
				"CODE_SIGN_IDENTITY[sdk=iphoneos*]" = "iPhone Developer";
				COPY_PHASE_STRIP = NO;
				DEBUG_INFORMATION_FORMAT = "dwarf-with-dsym";
				ENABLE_NS_ASSERTIONS = NO;
				ENABLE_STRICT_OBJC_MSGSEND = YES;
				GCC_C_LANGUAGE_STANDARD = gnu99;
				GCC_NO_COMMON_BLOCKS = YES;
				GCC_WARN_64_TO_32_BIT_CONVERSION = YES;
				GCC_WARN_ABOUT_RETURN_TYPE = YES_ERROR;
				GCC_WARN_UNDECLARED_SELECTOR = YES;
				GCC_WARN_UNINITIALIZED_AUTOS = YES_AGGRESSIVE;
				GCC_WARN_UNUSED_FUNCTION = YES;
				GCC_WARN_UNUSED_VARIABLE = YES;
				IPHONEOS_DEPLOYMENT_TARGET = 10.0;
				MTL_ENABLE_DEBUG_INFO = NO;
				SDKROOT = iphoneos;
				SWIFT_OPTIMIZATION_LEVEL = "-Owholemodule";
				VALIDATE_PRODUCT = YES;
			};
			name = Release;
		};
		ECEAB4F81E2FCAC600896EBB /* Debug */ = {
			isa = XCBuildConfiguration;
			buildSettings = {
				ASSETCATALOG_COMPILER_APPICON_NAME = AppIcon;
				DEVELOPMENT_TEAM = 5PKTA338CL;
				INFOPLIST_FILE = test/Info.plist;
				LD_RUNPATH_SEARCH_PATHS = "$(inherited) @executable_path/Frameworks";
				PRODUCT_BUNDLE_IDENTIFIER = a.test;
				PRODUCT_NAME = "$(TARGET_NAME)";
				SWIFT_VERSION = 3.0;
			};
			name = Debug;
		};
		ECEAB4F91E2FCAC600896EBB /* Release */ = {
			isa = XCBuildConfiguration;
			buildSettings = {
				ASSETCATALOG_COMPILER_APPICON_NAME = AppIcon;
				DEVELOPMENT_TEAM = 5PKTA338CL;
				INFOPLIST_FILE = test/Info.plist;
				LD_RUNPATH_SEARCH_PATHS = "$(inherited) @executable_path/Frameworks";
				PRODUCT_BUNDLE_IDENTIFIER = a.test;
				PRODUCT_NAME = "$(TARGET_NAME)";
				SWIFT_VERSION = 3.0;
			};
			name = Release;
		};
/* End XCBuildConfiguration section */

/* Begin XCConfigurationList section */
		ECEAB4E01E2FCAC600896EBB /* Build configuration list for PBXProject "test" */ = {
			isa = XCConfigurationList;
			buildConfigurations = (
				ECEAB4F51E2FCAC600896EBB /* Debug */,
				ECEAB4F61E2FCAC600896EBB /* Release */,
			);
			defaultConfigurationIsVisible = 0;
			defaultConfigurationName = Release;
		};
		ECEAB4F71E2FCAC600896EBB /* Build configuration list for PBXNativeTarget "test" */ = {
			isa = XCConfigurationList;
			buildConfigurations = (
				ECEAB4F81E2FCAC600896EBB /* Debug */,
				ECEAB4F91E2FCAC600896EBB /* Release */,
			);
			defaultConfigurationIsVisible = 0;
		};
/* End XCConfigurationList section */
	};
	rootObject = ECEAB4DD1E2FCAC600896EBB /* Project object */;
}
